version = 1
revision = 3
requires-python = ">=3.14"
resolution-markers = [
    "python_full_version >= '3.15'",
    "python_full_version < '3.15'",
]

[[package]]
name = "asgiref"
version = "3.11.1"
source = { registry = "https://pypi.org/simple" }
sdist = { url = "https://files.pythonhosted.org/packages/63/40/f03da1264ae8f7cfdbf9146542e5e7e8100a4c66ab48e791df9a03d3f6c0/asgiref-3.11.1.tar.gz", hash = "sha256:5f184dc43b7e763efe848065441eac62229c9f7b0475f41f80e207a114eda4ce", size = 38550, upload-time = "2026-02-03T13:30:14.33Z" }
wheels = [
    { url = "https://files.pythonhosted.org/packages/5c/0a/a72d10ed65068e115044937873362e6e32fab1b7dce0046aeb224682c989/asgiref-3.11.1-py3-none-any.whl", hash = "sha256:e8667a091e69529631969fd45dc268fa79b99c92c5fcdda727757e52146ec133", size = 24345, upload-time = "2026-02-03T13:30:13.039Z" },
]

[[package]]
name = "ast-serialize"
version = "0.5.0"
source = { registry = "https://pypi.org/simple" }
sdist = { url = "https://files.pythonhosted.org/packages/81/9d/09e27731bd5864a9ce04e3244074e674bb8936bf62b45e0357248717adac/ast_serialize-0.5.0.tar.gz", hash = "sha256:5880091bfe6f4f986f22866375c2e884843e7a0b6343ae41aeea659613d879b6", size = 61157, upload-time = "2026-05-17T17:48:29.429Z" }
wheels = [
    { url = "https://files.pythonhosted.org/packages/c0/9a/13dde51ba9e15f8b97957ab7cb0120d0e381524d651c6bd630b9c359227f/ast_serialize-0.5.0-cp314-cp314t-macosx_10_12_x86_64.whl", hash = "sha256:8f5c14f169eb0972c0c21bada5358b23d6047c76583b005234f865b11f1fa00a", size = 1183520, upload-time = "2026-05-17T17:47:30.831Z" },
    { url = "https://files.pythonhosted.org/packages/37/de/5a7f0a9fe68944f536632a5af84676739c7d2582be42deb082634bf3a754/ast_serialize-0.5.0-cp314-cp314t-macosx_11_0_arm64.whl", hash = "sha256:7d1a2de9de5be04652f0ed60738356ef94f66db37924a9499fffe98dc491aa0b", size = 1175779, upload-time = "2026-05-17T17:47:32.551Z" },
    { url = "https://files.pythonhosted.org/packages/9c/81/0bb853e76e4f6e9a1855d569003c59e19ffac45f7079d91505d1bb212f92/ast_serialize-0.5.0-cp314-cp314t-manylinux_2_17_aarch64.manylinux2014_aarch64.whl", hash = "sha256:be5173fb66f9b49026d9d5a2ff0fc7c7009077107c0eb285b2d60fdf1fe10bd1", size = 1233750, upload-time = "2026-05-17T17:47:34.731Z" },
    { url = "https://files.pythonhosted.org/packages/e5/d3/4cf705beeccc08754d0bbda99aefff26110e209b9a07ac8a6b60eec48531/ast_serialize-0.5.0-cp314-cp314t-manylinux_2_17_armv7l.manylinux2014_armv7l.whl", hash = "sha256:f8015cd071ac1339924ee2b8098c93e00e155f30a16f40ec9816fcf84f4753f6", size = 1235942, upload-time = "2026-05-17T17:47:36.287Z" },
    { url = "https://files.pythonhosted.org/packages/26/c8/ee097e437ea27dd2b8b227865c875492b585650a5802a22d82b304c8201b/ast_serialize-0.5.0-cp314-cp314t-manylinux_2_17_ppc64le.manylinux2014_ppc64le.whl", hash = "sha256:5499e8797edff2a9186aa313ed382c6b422e798e9332d9953badcee6e69a88f2", size = 1442517, upload-time = "2026-05-17T17:47:38.17Z" },
    { url = "https://files.pythonhosted.org/packages/ff/bd/68063442838f1ba68ec72b5436430bc75b3bb17a1a3c3063f09b0c05ae2b/ast_serialize-0.5.0-cp314-cp314t-manylinux_2_17_s390x.manylinux2014_s390x.whl", hash = "sha256:6848f2a093fb5548751a9a09bff8fcd229e2bbeb0e3331f391b6ae6d26cd9903", size = 1254081, upload-time = "2026-05-17T17:47:39.826Z" },
    { url = "https://files.pythonhosted.org/packages/50/e2/1e520793bc6a4e4524a6ab022391e827825eaa0c3811828bfdc6852eca26/ast_serialize-0.5.0-cp314-cp314t-manylinux_2_17_x86_64.manylinux2014_x86_64.whl", hash = "sha256:832d4c998e0b091fd60a6d6bceee535483c4d490de9ba85003af835225719261", size = 1259910, upload-time = "2026-05-17T17:47:41.369Z" },
    { url = "https://files.pythonhosted.org/packages/4e/e1/49b60f467979979cfe6913b43948ff25bca971ad0591d181812f163a988e/ast_serialize-0.5.0-cp314-cp314t-manylinux_2_31_riscv64.whl", hash = "sha256:16db7c62ec0b8efe1d7afd283a388d8f74f2605d56032e5a37747d2de8dba027", size = 1250678, upload-time = "2026-05-17T17:47:43.702Z" },
    { url = "https://files.pythonhosted.org/packages/74/ba/66ab9555de6275677566f6574e5ef6c29cb185ea866f643bc06f8280a8ee/ast_serialize-0.5.0-cp314-cp314t-manylinux_2_5_i686.manylinux1_i686.whl", hash = "sha256:baf5eb061eb5bccade4128ad42da33787d72f6013809cd1b590376ece8b3c937", size = 1301603, upload-time = "2026-05-17T17:47:46.256Z" },
    { url = "https://files.pythonhosted.org/packages/66/42/6aca9b9abc710014b2be9059689e5dd1679339e78f567ffb4d255a9e2050/ast_serialize-0.5.0-cp314-cp314t-musllinux_1_2_aarch64.whl", hash = "sha256:104e4a35bd7c124173c41760ef9aaea17ddb3f86c65cb643671d59afbe3ee94c", size = 1410332, upload-time = "2026-05-17T17:47:47.899Z" },
    { url = "https://files.pythonhosted.org/packages/47/68/2f76594432a22581ecf878b5e75a9b8601c24b2241cf0bbeb1e21fcf370c/ast_serialize-0.5.0-cp314-cp314t-musllinux_1_2_armv7l.whl", hash = "sha256:36be371028fc1675acb38a331bde160dbab7ff907fdf00b67eb6911aa106951b", size = 1509979, upload-time = "2026-05-17T17:47:50.942Z" },
    { url = "https://files.pythonhosted.org/packages/40/ac/a93c9b58292653f6c595752f677a08e608f903b710594909e9231a389b3b/ast_serialize-0.5.0-cp314-cp314t-musllinux_1_2_i686.whl", hash = "sha256:061ee58bdb52341c8201a6df41182a977736bae3b7ded87ca7176ca25a8a47ab", size = 1505002, upload-time = "2026-05-17T17:47:54.093Z" },
    { url = "https://files.pythonhosted.org/packages/14/2e/b278f68c497ee2f1d1576cbbef8db5281cd4a5f2db040537592ac9c8862e/ast_serialize-0.5.0-cp314-cp314t-musllinux_1_2_x86_64.whl", hash = "sha256:b15219e9cdc9f53f6f4cb51c009203507228226148c05c5e8fe451c28b435eb3", size = 1456231, upload-time = "2026-05-17T17:47:56.311Z" },
    { url = "https://files.pythonhosted.org/packages/0b/43/419be1c566a4c504cd8fd60ce2f84e790f295495c0f327cfaeadf3d51012/ast_serialize-0.5.0-cp314-cp314t-win32.whl", hash = "sha256:842d1c004bb466c7df036f95fabef789570541922b10976b12f5592a69cf0b38", size = 1058668, upload-time = "2026-05-17T17:47:58.305Z" },
    { url = "https://files.pythonhosted.org/packages/03/6f/c9d4d549295ed05111aeb8853232d1afd9d0a179fddb01eeffbb3a4a6842/ast_serialize-0.5.0-cp314-cp314t-win_amd64.whl", hash = "sha256:b0c06d760909b095cc466356dfccd05a1c7233a6ca191c020dca2c6a6f16c24c", size = 1101075, upload-time = "2026-05-17T17:48:00.35Z" },
    { url = "https://files.pythonhosted.org/packages/d0/8e/d00c5ab30c58222e07d62956fca86c59d91b9ad32997e633c38b526623a3/ast_serialize-0.5.0-cp314-cp314t-win_arm64.whl", hash = "sha256:787baedb0262cc49e8ce37cc15c00ae818e46a165a3b36f5e21ed174998104cb", size = 1075347, upload-time = "2026-05-17T17:48:01.753Z" },
    { url = "https://files.pythonhosted.org/packages/e0/9e/dc2530acb3a60dc6e46d65abf27d1d9f86721694757906a148d90a6860de/ast_serialize-0.5.0-cp39-abi3-macosx_10_12_x86_64.whl", hash = "sha256:0668aa9459cfa8c9c49ddd2163ebcf43088ba045ef7492af6fe22e0098303101", size = 1191380, upload-time = "2026-05-17T17:48:03.738Z" },
    { url = "https://files.pythonhosted.org/packages/26/0a/bd3d18a582f273d6c843d16bb9e22e9e16365ff7991e92f18f798e9f1224/ast_serialize-0.5.0-cp39-abi3-macosx_11_0_arm64.whl", hash = "sha256:bf683d6363edf2b39eed6b6d4fe22d34b6203867a67e27134d9e2a2680c4bc4a", size = 1183879, upload-time = "2026-05-17T17:48:05.463Z" },
    { url = "https://files.pythonhosted.org/packages/40/ae/1f919100f8620887af58fcc381c61a1f218cdf89c6e155f87b213e61010a/ast_serialize-0.5.0-cp39-abi3-manylinux_2_17_aarch64.manylinux2014_aarch64.whl", hash = "sha256:9cc22cf0c9be65e71cf88fda130af60d61eb4a79370ad4cfe7900d48a4aa2211", size = 1244529, upload-time = "2026-05-17T17:48:07.008Z" },
    { url = "https://files.pythonhosted.org/packages/c6/ca/6376559dcce707cdbc1d0d9a13c8d3baaaa501e949ce0ebdc4230cd881aa/ast_serialize-0.5.0-cp39-abi3-manylinux_2_17_armv7l.manylinux2014_armv7l.whl", hash = "sha256:f66173891548c9f2726bf27957b41cabce12fa679dc6da505ddbde4d4b3b31cf", size = 1240560, upload-time = "2026-05-17T17:48:08.46Z" },
    { url = "https://files.pythonhosted.org/packages/35/b2/a620e206b5aeb7efbf2710336df57d457cffbb3991076bbcc1147ef9abd4/ast_serialize-0.5.0-cp39-abi3-manylinux_2_17_ppc64le.manylinux2014_ppc64le.whl", hash = "sha256:e42d729ef2be96a14efbad355093284739e3670ece3e534f82cc8832790911d9", size = 1451172, upload-time = "2026-05-17T17:48:09.922Z" },
    { url = "https://files.pythonhosted.org/packages/fa/e0/4ad5c04c24a40481b2935ce9a0ccdb6023dc8b667167d06ae530cc3512f2/ast_serialize-0.5.0-cp39-abi3-manylinux_2_17_s390x.manylinux2014_s390x.whl", hash = "sha256:b725026bafa801dbd7310eb13a75f0a2e370e7e51b2cb225f9d21fcfadf919ee", size = 1265072, upload-time = "2026-05-17T17:48:11.469Z" },
    { url = "https://files.pythonhosted.org/packages/b2/71/4d1d479aa56d0101c40e17720c3d6ac2af7269ea0487a80b18e7bfd1a5b7/ast_serialize-0.5.0-cp39-abi3-manylinux_2_17_x86_64.manylinux2014_x86_64.whl", hash = "sha256:b54f60c1d78767a53b67eaa663f0dfac3afe606aa07f1301572f588b73d64809", size = 1270488, upload-time = "2026-05-17T17:48:13.575Z" },
    { url = "https://files.pythonhosted.org/packages/6d/4f/0de1bbe06f6edef9fde4ed12ca8e7b3ec7e6e2bd4e672c5af487f7957665/ast_serialize-0.5.0-cp39-abi3-manylinux_2_31_riscv64.whl", hash = "sha256:27d51654fc240a1e87e742d353d98eb45b75f62f129086b3596ab53df2ac2a43", size = 1260702, upload-time = "2026-05-17T17:48:15.141Z" },
    { url = "https://files.pythonhosted.org/packages/75/61/e00872439cfdddcc3c1b6cdaa6e5d904ba8e26a18807c67c4e14409d0ca8/ast_serialize-0.5.0-cp39-abi3-manylinux_2_5_i686.manylinux1_i686.whl", hash = "sha256:2782c36237c46dd1674542f2109740ea5ea485a169bf1431939ada0434e17934", size = 1311182, upload-time = "2026-05-17T17:48:16.779Z" },
    { url = "https://files.pythonhosted.org/packages/76/8e/699a5b955f7926956c95e9e1d74132acad73c2fe7a426f94da89123c20aa/ast_serialize-0.5.0-cp39-abi3-musllinux_1_2_aarch64.whl", hash = "sha256:1943db345233cc7194a470f13afa9c59772c0b123dea0c9414c4d4ca54369759", size = 1421410, upload-time = "2026-05-17T17:48:18.527Z" },
    { url = "https://files.pythonhosted.org/packages/a9/ae/d5b7626874478997adc7a29ab28accf21e596fb590c944290401dfd0b29e/ast_serialize-0.5.0-cp39-abi3-musllinux_1_2_armv7l.whl", hash = "sha256:df1c00022cbbcb064bfaa505aa9c9295362443ce5dacb459d1331d3da353f887", size = 1516587, upload-time = "2026-05-17T17:48:20.133Z" },
    { url = "https://files.pythonhosted.org/packages/0c/ce/b59e02a82d9c4244d64cde502e0b00e83e38816abe19155ceb5437402c7f/ast_serialize-0.5.0-cp39-abi3-musllinux_1_2_i686.whl", hash = "sha256:cae65289fc456fde04af979a2be09302ef5d8ab92ef23e596d6746dc267ada27", size = 1515171, upload-time = "2026-05-17T17:48:21.921Z" },
    { url = "https://files.pythonhosted.org/packages/8b/38/d8d90042747d05aa08d4efcf1c99035a5f670a6bf4c214d31644392afbca/ast_serialize-0.5.0-cp39-abi3-musllinux_1_2_x86_64.whl", hash = "sha256:239a4c354e8d676e9d94631d1d4a64edc6b266f86ff3a5a80aedd344f342c01d", size = 1464668, upload-time = "2026-05-17T17:48:23.544Z" },
    { url = "https://files.pythonhosted.org/packages/dd/51/5b840c4df7334104cecffa28f23904fe81ca89ca223d2450e288de39fd3c/ast_serialize-0.5.0-cp39-abi3-win32.whl", hash = "sha256:143a4ef63285a075871908fda3672dc21864b83a8ec3ee12304aa3e4c5387b9a", size = 1068311, upload-time = "2026-05-17T17:48:25.027Z" },
    { url = "https://files.pythonhosted.org/packages/41/11/ca5672c7d491825bc4cd6702dea106a6b60d928707712ec257c7833ae476/ast_serialize-0.5.0-cp39-abi3-win_amd64.whl", hash = "sha256:cf25572c526add400f26a4750dc6ce0c3bb93fc1f75e7ae0cad4ce4f2cd5c590", size = 1108931, upload-time = "2026-05-17T17:48:26.591Z" },
    { url = "https://files.pythonhosted.org/packages/45/19/cc8bd127d28a43da249aa955cfd164cf8fd534e79e42cea96c4854d72fd0/ast_serialize-0.5.0-cp39-abi3-win_arm64.whl", hash = "sha256:92a31c9c20d25a076edaeec76b128a3535d74a24f340b9a8a7e96c9b86dc9642", size = 1081181, upload-time = "2026-05-17T17:48:28.122Z" },
]

[[package]]
name = "dj-database-url"
version = "3.1.2"
source = { registry = "https://pypi.org/simple" }
dependencies = [
    { name = "django" },
]
sdist = { url = "https://files.pythonhosted.org/packages/03/f6/00b625e9d371b980aa261011d0dc906a16444cb688f94215e0dc86996eb5/dj_database_url-3.1.2.tar.gz", hash = "sha256:63c20e4bbaa51690dfd4c8d189521f6bf6bc9da9fcdb23d95d2ee8ee87f9ec62", size = 11490, upload-time = "2026-02-19T15:30:23.638Z" }
wheels = [
    { url = "https://files.pythonhosted.org/packages/cf/a9/57c66006373381f1d3e5bd94216f1d371228a89f443d3030e010f73dd198/dj_database_url-3.1.2-py3-none-any.whl", hash = "sha256:544e015fee3efa5127a1eb1cca465f4ace578265b3671fe61d0ed7dbafb5ec8a", size = 8953, upload-time = "2026-02-19T15:30:39.37Z" },
]

[[package]]
name = "django"
version = "6.0.5"
source = { registry = "https://pypi.org/simple" }
dependencies = [
    { name = "asgiref" },
    { name = "sqlparse" },
    { name = "tzdata", marker = "sys_platform == 'win32'" },
]
sdist = { url = "https://files.pythonhosted.org/packages/5e/f1/bf85f0d29ef76abf901f193fe8fef4769d3da7794197832bc30151c071d8/django-6.0.5.tar.gz", hash = "sha256:bc6d6872e98a2864c836e42edd644b362db311147dd5aa8d5b82ba7a032f5269", size = 10924131, upload-time = "2026-05-05T13:54:39.329Z" }
wheels = [
    { url = "https://files.pythonhosted.org/packages/94/5b/1328f8b84fce040c404f76822bf8c57d254e368e8cbd8bd67ec2b26d75f5/django-6.0.5-py3-none-any.whl", hash = "sha256:9d58a7cb49244e74c8e161d5e403a46d6209f1009ba40f5a66d6aa0d0786a8f0", size = 8368680, upload-time = "2026-05-05T13:54:33.532Z" },
]

[[package]]
name = "django-stubs"
version = "6.0.5"
source = { registry = "https://pypi.org/simple" }
dependencies = [
    { name = "django" },
    { name = "django-stubs-ext" },
    { name = "types-pyyaml" },
    { name = "typing-extensions" },
]
sdist = { url = "https://files.pythonhosted.org/packages/e4/8a/8946216758eb66c5700a235e230af538d4ea474244c79452159b580425ba/django_stubs-6.0.5.tar.gz", hash = "sha256:7742b8e60afc68a8545158e2bdb103376d5a092f7902c17f370920a9c08eb957", size = 280490, upload-time = "2026-05-25T08:47:02.291Z" }
wheels = [
    { url = "https://files.pythonhosted.org/packages/c6/09/64ff51a4cf4e8bdf8423d249b32eca0676e69233009ce9cd5478ba2c9635/django_stubs-6.0.5-py3-none-any.whl", hash = "sha256:9fb9eede9b2fc47b36c3dc4a93652eb959dff45466ec4a580e4a22782192d746", size = 544132, upload-time = "2026-05-25T08:47:00.332Z" },
]

[package.optional-dependencies]
compatible-mypy = [
    { name = "mypy" },
]

[[package]]
name = "django-stubs-ext"
version = "6.0.5"
source = { registry = "https://pypi.org/simple" }
dependencies = [
    { name = "django" },
    { name = "typing-extensions" },
]
sdist = { url = "https://files.pythonhosted.org/packages/d8/01/419bc3cd882f3ec645d5a4511085202dd6bd3ef8d385871dcd2d32cc15b3/django_stubs_ext-6.0.5.tar.gz", hash = "sha256:1cc325e991303849bce70e19748981b225ef08b37256f263e113caf97cd3bcc0", size = 6666, upload-time = "2026-05-25T08:46:36.012Z" }
wheels = [
    { url = "https://files.pythonhosted.org/packages/ef/bf/7ee71071d84ad4e0efcd77e2681afed254a5f65c27524441a9caf8c60467/django_stubs_ext-6.0.5-py3-none-any.whl", hash = "sha256:a9932c8233d6dd4e34ae0b192026379c1a9be8f0b7c27aa1fa09ae215169773e", size = 10362, upload-time = "2026-05-25T08:46:34.467Z" },
]

[[package]]
name = "envbooker"
version = "0.1.0"
source = { virtual = "." }
dependencies = [
    { name = "dj-database-url" },
    { name = "django" },
    { name = "gunicorn" },
    { name = "psycopg", extra = ["binary"] },
    { name = "whitenoise" },
]

[package.dev-dependencies]
dev = [
    { name = "django-stubs", extra = ["compatible-mypy"] },
    { name = "lefthook" },
    { name = "ruff" },
]

[package.metadata]
requires-dist = [
    { name = "dj-database-url", specifier = ">=3.1.2" },
    { name = "django", specifier = ">=6.0.5" },
    { name = "gunicorn", specifier = ">=26.0.0" },
    { name = "psycopg", extras = ["binary"], specifier = ">=3.3.4" },
    { name = "whitenoise", specifier = ">=6.12.0" },
]

[package.metadata.requires-dev]
dev = [
    { name = "django-stubs", extras = ["compatible-mypy"], specifier = ">=6.0.5" },
    { name = "lefthook", specifier = ">=2.1.9" },
    { name = "ruff", specifier = ">=0.15.17" },
]

[[package]]
name = "gunicorn"
version = "26.0.0"
source = { registry = "https://pypi.org/simple" }
dependencies = [
    { name = "packaging" },
]
sdist = { url = "https://files.pythonhosted.org/packages/6d/b7/a4a3f632f823e432ce6bc65f62961b7980c898c77f075a2f7118cb3846fe/gunicorn-26.0.0.tar.gz", hash = "sha256:ca9346f85e3a4aeeb64d491045c16b9a35647abd37ea15efe53080eb8b090baf", size = 727286, upload-time = "2026-05-05T06:38:25.529Z" }
wheels = [
    { url = "https://files.pythonhosted.org/packages/e6/40/9c2384fc2be4ad25dd4a49decd5ad9ea5a3639814c11bd40ab77cb9f0a14/gunicorn-26.0.0-py3-none-any.whl", hash = "sha256:40233d26a5f0d1872916188c276e21641155111c2853f0c2cd55260aec0d24fc", size = 212009, upload-time = "2026-05-05T06:38:23.007Z" },
]

[[package]]
name = "lefthook"
version = "2.1.9"
source = { registry = "https://pypi.org/simple" }
wheels = [
    { url = "https://files.pythonhosted.org/packages/92/5e/2cbfb93902906f82fa1d106b30a42e455c71599b968ab9edb86bdd487ca1/lefthook-2.1.9-py3-none-macosx_10_15_x86_64.whl", hash = "sha256:b4be037dffa2aacb312770c2c7981bb7547e0d07459e897053839b8375f66400", size = 5532741, upload-time = "2026-05-29T08:39:22.995Z" },
    { url = "https://files.pythonhosted.org/packages/b7/0e/983781b9084ef8317b45164abd3335a754973b4910dcc7d0a93c7fc4737c/lefthook-2.1.9-py3-none-macosx_11_0_arm64.whl", hash = "sha256:06754e8a56520811079063fe227b361ac8d306e5f004d103248fa57e55f997a1", size = 5053231, upload-time = "2026-05-29T08:39:31.1Z" },
    { url = "https://files.pythonhosted.org/packages/71/e3/0e8dcd17c392e13e6bdea605683f0a93bed57e72df6aea8c030d0e5d98d9/lefthook-2.1.9-py3-none-manylinux_2_17_aarch64.whl", hash = "sha256:74fa383dfb3a31913256220c59207b8d6f3d66798f50600f1683872a07c99cb5", size = 4880938, upload-time = "2026-05-29T08:39:25.637Z" },
    { url = "https://files.pythonhosted.org/packages/74/35/63cf009271a11f693691aeb47dd25d270b346a7c854a8966faf09999e8b9/lefthook-2.1.9-py3-none-manylinux_2_17_x86_64.whl", hash = "sha256:5df17f57e5e4bc3cb1b4788eda68df929a23f273ff255c632edaf1f30808a6d5", size = 5463037, upload-time = "2026-05-29T08:39:27.358Z" },
    { url = "https://files.pythonhosted.org/packages/7b/04/5dbf2107e0727e1d8cdfc20aba62d37e357577998c1abc3991cccb2a1632/lefthook-2.1.9-py3-none-win_amd64.whl", hash = "sha256:dc121e492b681e1128290fe4a0c857f6b46b6f4491c0d1b0be58dc5592e62c77", size = 5614416, upload-time = "2026-05-29T08:39:29.226Z" },
    { url = "https://files.pythonhosted.org/packages/48/e8/7923893f08504f28e0b5fb8b21795fc388d0363cfa2f412e2541c9464cb1/lefthook-2.1.9-py3-none-win_arm64.whl", hash = "sha256:6d8e3923c42a04e9375f88314ebc8c86f68879d3d0c9d856b6adbed109890e90", size = 4959833, upload-time = "2026-05-29T08:39:32.882Z" },
]

[[package]]
name = "librt"
version = "0.11.0"
source = { registry = "https://pypi.org/simple" }
sdist = { url = "https://files.pythonhosted.org/packages/40/08/9e7f6b5d2b5bed6ad055cdd5925f192bb403a51280f86b56554d9d0699a2/librt-0.11.0.tar.gz", hash = "sha256:075dc3ef4458a278e0195cbf6ac9d38808d9b906c5a6c7f7f79c3888276a3fb1", size = 200139, upload-time = "2026-05-10T18:17:25.138Z" }
wheels = [
    { url = "https://files.pythonhosted.org/packages/29/eb/dbce197da4e227779e56b5735f2decc3eb36e55a1cdbf1bd65d6639d76c1/librt-0.11.0-cp314-cp314-macosx_10_13_x86_64.whl", hash = "sha256:4a017a95e5837dc15a8c5661d60e05daa96b90908b1aa6b7acdf443cd25c8ebd", size = 143345, upload-time = "2026-05-10T18:16:30.674Z" },
    { url = "https://files.pythonhosted.org/packages/76/a3/254bebd0c11c8ba684018efb8006ff22e466abce445215cca6c778e7d9de/librt-0.11.0-cp314-cp314-macosx_11_0_arm64.whl", hash = "sha256:b1ecbd9819deccc39b7542bf4d2a740d8a620694d39989e58661d3763458f8d4", size = 143131, upload-time = "2026-05-10T18:16:32.037Z" },
    { url = "https://files.pythonhosted.org/packages/f1/3f/f77d6122d21ac7bf6ae8a7dfced1bd2a7ac545d3273ebdcaf8042f6d619f/librt-0.11.0-cp314-cp314-manylinux2014_aarch64.manylinux_2_17_aarch64.manylinux_2_28_aarch64.whl", hash = "sha256:7da327dacd7be8f8ec36547373550744a3cc0e536d54665cd83f8bcd961200e8", size = 477024, upload-time = "2026-05-10T18:16:33.493Z" },
    { url = "https://files.pythonhosted.org/packages/ac/0a/2c996dadebaa7d9bbbd43ef2d4f3e66b6da545f838a41694ef6172cebec8/librt-0.11.0-cp314-cp314-manylinux2014_i686.manylinux_2_17_i686.manylinux_2_28_i686.whl", hash = "sha256:0dc56b1f8d06e60db362cc3fdae206681817f86ce4725d34511473487f12a34b", size = 474221, upload-time = "2026-05-10T18:16:34.864Z" },
    { url = "https://files.pythonhosted.org/packages/0a/7e/f5d92af8486b8272c23b3e686b46ff72d89c8169585eb61eef01a2ac7147/librt-0.11.0-cp314-cp314-manylinux2014_x86_64.manylinux_2_17_x86_64.manylinux_2_28_x86_64.whl", hash = "sha256:05fb8fb2ab90e21c8d12ea240d744ad514da9baf381ebfa70d91d20d21713175", size = 505174, upload-time = "2026-05-10T18:16:36.705Z" },
    { url = "https://files.pythonhosted.org/packages/af/1a/cb0734fe86398eb33193ab753b7326255c74cac5eb09e76b9b16536e7adb/librt-0.11.0-cp314-cp314-manylinux_2_34_riscv64.manylinux_2_39_riscv64.whl", hash = "sha256:cae74872be221df4374d10fec61f93ed1513b9546ea84f2c0bf73ab3e9bd0b03", size = 497216, upload-time = "2026-05-10T18:16:38.418Z" },
    { url = "https://files.pythonhosted.org/packages/18/06/094820f91558b66e29943c0ec41c9914f460f48dd51fc503c3101e10842d/librt-0.11.0-cp314-cp314-musllinux_1_2_aarch64.whl", hash = "sha256:32bcc918c0148eb7e3d57385125bac7e5f9e4359d05f07448b09f6f778c2f31c", size = 513921, upload-time = "2026-05-10T18:16:39.848Z" },
    { url = "https://files.pythonhosted.org/packages/0b/c2/00de9018871a282f530cacb457d5ec0428f6ac7e6fedde9aff7468d9fb04/librt-0.11.0-cp314-cp314-musllinux_1_2_i686.whl", hash = "sha256:f9743fc99135d5f78d2454435615f6dec0473ca507c26ce9d92b10b562a280d3", size = 520850, upload-time = "2026-05-10T18:16:41.471Z" },
    { url = "https://files.pythonhosted.org/packages/51/9d/64631832348fd1834fb3a61b996434edddaaf25a31d03b0a76273159d2cf/librt-0.11.0-cp314-cp314-musllinux_1_2_riscv64.whl", hash = "sha256:5ba067f4aadae8fda802d91d2124c90c42195ff32d9161d3549e6d05cfe26f96", size = 504237, upload-time = "2026-05-10T18:16:43.15Z" },
    { url = "https://files.pythonhosted.org/packages/a5/ec/ae5525eb16edc827a044e7bb8777a455ff95d4bca9379e7e6bddd7383647/librt-0.11.0-cp314-cp314-musllinux_1_2_x86_64.whl", hash = "sha256:de3bf945454d032f9e390b85c4072e0a0570bf825421c8be0e71209fa65e1abe", size = 546261, upload-time = "2026-05-10T18:16:44.408Z" },
    { url = "https://files.pythonhosted.org/packages/5a/09/adce371f27ca039411da9659f7430fcc2ba6cd0c7b3e4467a0f091be7fa9/librt-0.11.0-cp314-cp314-win32.whl", hash = "sha256:d2277a05f6dcb9fd13db9566aac4fabd68c3ea1ea46ee5567d4eef8efa495a2f", size = 96965, upload-time = "2026-05-10T18:16:46.039Z" },
    { url = "https://files.pythonhosted.org/packages/d6/ee/8ac720d98548f173c7ce2e632a7ca94673f74cacd5c8162a84af5b35958a/librt-0.11.0-cp314-cp314-win_amd64.whl", hash = "sha256:ab73e8db5e3f564d812c1f5c3a175930a5f9bc96ccb5e3b22a34d7858b401cf7", size = 115151, upload-time = "2026-05-10T18:16:47.133Z" },
    { url = "https://files.pythonhosted.org/packages/94/20/c900cf14efeb09b6bef2b2dff20779f73464b97fd58d1c6bccc379588ae3/librt-0.11.0-cp314-cp314-win_arm64.whl", hash = "sha256:aea3caa317752e3a466fa8af45d91ee0ea8c7fdd96e42b0a8dd9b76a7931eba1", size = 98850, upload-time = "2026-05-10T18:16:48.597Z" },
    { url = "https://files.pythonhosted.org/packages/0c/71/944bfe4b64e12abffcd3c15e1cce07f72f3d55655083786285f4dedeb532/librt-0.11.0-cp314-cp314t-macosx_10_13_x86_64.whl", hash = "sha256:d1b36540d7aaf9b9101b3a6f376c8d8e9f7a9aec93ed05918f2c69d493ffef72", size = 151138, upload-time = "2026-05-10T18:16:49.839Z" },
    { url = "https://files.pythonhosted.org/packages/b6/10/99e64a5c86989357fda078c8143c533389585f6473b7439172dd8f3b3b2d/librt-0.11.0-cp314-cp314t-macosx_11_0_arm64.whl", hash = "sha256:efbb343ab2ce3540f4ecbe6315d677ed70f37cd9a72b1e58066c918ca83acbaa", size = 151976, upload-time = "2026-05-10T18:16:51.062Z" },
    { url = "https://files.pythonhosted.org/packages/21/31/5072ad880946d83e5ea4147d6d018c78eefce85b77819b19bdd0ee229435/librt-0.11.0-cp314-cp314t-manylinux2014_aarch64.manylinux_2_17_aarch64.manylinux_2_28_aarch64.whl", hash = "sha256:aa0dd688aab3f7914d3e6e5e3554978e0383312fb8e771d84be008a35b9ee548", size = 557927, upload-time = "2026-05-10T18:16:52.632Z" },
    { url = "https://files.pythonhosted.org/packages/5e/8d/70b5fb7cfbab60edbe7381614ab985da58e144fbf465c86d44c95f43cdca/librt-0.11.0-cp314-cp314t-manylinux2014_i686.manylinux_2_17_i686.manylinux_2_28_i686.whl", hash = "sha256:f5fb36b8c6c63fdcbb1d526d94c0d1331610d43f4118cc1beb4efef4f3faacb2", size = 539698, upload-time = "2026-05-10T18:16:53.934Z" },
    { url = "https://files.pythonhosted.org/packages/fa/a3/ba3495a0b3edbd24a4cae0d1d3c64f39a9fc45d06e812101289b50c1a619/librt-0.11.0-cp314-cp314t-manylinux2014_x86_64.manylinux_2_17_x86_64.manylinux_2_28_x86_64.whl", hash = "sha256:4a9a237d13addb93715b6fee74023d5ee3469b53fce527626c0e088aa585805f", size = 577162, upload-time = "2026-05-10T18:16:55.589Z" },
    { url = "https://files.pythonhosted.org/packages/f7/db/36e25fb81f99937ff1b96612a1dc9fd66f039cb9cc3aee12c01fac31aab9/librt-0.11.0-cp314-cp314t-manylinux_2_34_riscv64.manylinux_2_39_riscv64.whl", hash = "sha256:5ddd17bd87b2c56ddd60e546a7984a2e64c4e8eab92fb4cf3830a48ad5469d51", size = 566494, upload-time = "2026-05-10T18:16:56.975Z" },
    { url = "https://files.pythonhosted.org/packages/33/0d/3f622b47f0b013eeb9cf4cc07ae9bfe378d832a4eec998b2b209fe84244d/librt-0.11.0-cp314-cp314t-musllinux_1_2_aarch64.whl", hash = "sha256:bd43992b4473d42f12ff9e68326079f0696d9d4e6000e8f39a0238d482ba6ee2", size = 596858, upload-time = "2026-05-10T18:16:58.374Z" },
    { url = "https://files.pythonhosted.org/packages/a9/02/71b90bc93039c46a2000651f6ad60122b114c8f54c4ad306e0e96f5b75ad/librt-0.11.0-cp314-cp314t-musllinux_1_2_i686.whl", hash = "sha256:f8e3e8056dd674e279741485e2e512d6e9a751c7455809d0114e6ebf8d781085", size = 590318, upload-time = "2026-05-10T18:16:59.676Z" },
    { url = "https://files.pythonhosted.org/packages/04/04/418cb3f75621e2b761fb1ab0f017f4d70a1a72a6e7c74ee4f7e8d198c2f3/librt-0.11.0-cp314-cp314t-musllinux_1_2_riscv64.whl", hash = "sha256:c1f708d8ae9c56cf38a903c44297243d2ec83fd82b396b977e0144a3e76217e3", size = 575115, upload-time = "2026-05-10T18:17:01.007Z" },
    { url = "https://files.pythonhosted.org/packages/cc/2c/5a2183ac58dd911f26b5d7e7d7d8f1d87fcecdddd99d6c12169a258ff62c/librt-0.11.0-cp314-cp314t-musllinux_1_2_x86_64.whl", hash = "sha256:0add982e0e7b9fc14cf4b33789d5f13f66581889b88c2f58099f6ce8f92617bd", size = 617918, upload-time = "2026-05-10T18:17:02.682Z" },
    { url = "https://files.pythonhosted.org/packages/15/1f/dc6771a52592a4451be6effa200cbfc9cec61e4393d3033d81a9d307961d/librt-0.11.0-cp314-cp314t-win32.whl", hash = "sha256:2b481d846ac894c4e8403c5fd0e87c5d11d6499e404b474602508a224ff531c8", size = 103562, upload-time = "2026-05-10T18:17:03.99Z" },
    { url = "https://files.pythonhosted.org/packages/62/4a/7d1415567027286a75ba1093ec4aca11f073e0f559c530cf3e0a757ad55c/librt-0.11.0-cp314-cp314t-win_amd64.whl", hash = "sha256:28edb433edde181112a908c78907af28f964eabc15f4dd16c9d66c834302677c", size = 124327, upload-time = "2026-05-10T18:17:05.465Z" },
    { url = "https://files.pythonhosted.org/packages/ce/62/b40b382fa0c66fee1478073eb8db352a4a6beda4a1adccf1df911d8c289c/librt-0.11.0-cp314-cp314t-win_arm64.whl", hash = "sha256:dee008f20b542e3cd162ba338a7f9ec0f6d23d395f66fe8aeeec3c9d067ea253", size = 102572, upload-time = "2026-05-10T18:17:06.809Z" },
]

[[package]]
name = "mypy"
version = "2.1.0"
source = { registry = "https://pypi.org/simple" }
dependencies = [
    { name = "ast-serialize" },
    { name = "librt", marker = "platform_python_implementation != 'PyPy'" },
    { name = "mypy-extensions" },
    { name = "pathspec" },
    { name = "typing-extensions" },
]
sdist = { url = "https://files.pythonhosted.org/packages/82/15/cca9d88503549ed6fedeaa1d448cdddd542ee8a490232d732e278036fbf2/mypy-2.1.0.tar.gz", hash = "sha256:81e76ad12c2d804512e9b13240d1588316531bfba07558286078bfbce9613633", size = 3898359, upload-time = "2026-05-11T18:37:36.237Z" }
wheels = [
    { url = "https://files.pythonhosted.org/packages/b0/ca/b279a672e874aedd5498ae25f722dacc8aa86bbffb939b3f97cbb1cf6686/mypy-2.1.0-cp314-cp314-macosx_10_15_x86_64.whl", hash = "sha256:7354c5a7f69d9345c3d6e69921d57088eea3ddeeb6b20d34c1b3855b02c36ec2", size = 14848422, upload-time = "2026-05-11T18:35:45.984Z" },
    { url = "https://files.pythonhosted.org/packages/27/e6/3efe56c631d959b9b4454e208b0ac4b7f4f58b404c89f8bec7b49efdfc21/mypy-2.1.0-cp314-cp314-macosx_11_0_arm64.whl", hash = "sha256:49890d4f76ac9e06ec117f9e09f3174da70a620a0c300953d8595c926e80947f", size = 13677374, upload-time = "2026-05-11T18:36:57.188Z" },
    { url = "https://files.pythonhosted.org/packages/84/7f/8107ea87a44fd1f1b59882442f033c9c3488c127201b1d1d15f1cbd6022e/mypy-2.1.0-cp314-cp314-manylinux2014_aarch64.manylinux_2_17_aarch64.manylinux_2_28_aarch64.whl", hash = "sha256:761be68e023ef5d94678772396a8af1220030f80837a3afd8d0aef3b419666f4", size = 14055743, upload-time = "2026-05-11T18:35:18.361Z" },
    { url = "https://files.pythonhosted.org/packages/51/4d/b6d34db183133b83761b9199a82d31557cdbb70a380d8c3b3438e11882a3/mypy-2.1.0-cp314-cp314-manylinux2014_x86_64.manylinux_2_17_x86_64.manylinux_2_28_x86_64.whl", hash = "sha256:c90345fc182dc363b891350457ec69c35140858538f38b4540845afcc32b1aef", size = 15020937, upload-time = "2026-05-11T18:34:59.618Z" },
    { url = "https://files.pythonhosted.org/packages/ff/d7/f08360c691d758acb02f45022c34d98b92892f4ea756644e1000d4b9f3d8/mypy-2.1.0-cp314-cp314-musllinux_1_2_x86_64.whl", hash = "sha256:b84802e7b5a6daf1f5e15bc9fcd7ddae77be13981ffab037f1c67bb84d67d135", size = 15253371, upload-time = "2026-05-11T18:36:41.081Z" },
    { url = "https://files.pythonhosted.org/packages/67/1b/09460a13719530a19bce27bd3bc8449e83569dd2ba7faf51c9c3c30c0b61/mypy-2.1.0-cp314-cp314-win_amd64.whl", hash = "sha256:022c771234936ceac541ebaf836fe9e2abeb3f5e09aff21588fe543ff006fe21", size = 11326429, upload-time = "2026-05-11T18:34:13.526Z" },
    { url = "https://files.pythonhosted.org/packages/40/62/75dbf0f82f7b6680340efc614af29dd0b3c17b8a4f1cd09b8bd2fd6bc814/mypy-2.1.0-cp314-cp314-win_arm64.whl", hash = "sha256:498207db725cec88829a6a5c2fc771205fd043719ef98bc49aba8fb9fc4e6d57", size = 10218799, upload-time = "2026-05-11T18:32:23.491Z" },
    { url = "https://files.pythonhosted.org/packages/b2/66/caca04ed7d972fb6eb6dd1ccd6df1de5c38fae8c5b3dc1c4e8e0d85ee6b9/mypy-2.1.0-cp314-cp314t-macosx_10_15_x86_64.whl", hash = "sha256:7d5e5cad0efeba72b93cd17490cc0d69c5ac9ca132994fe3fb0314808aeeb83e", size = 15923458, upload-time = "2026-05-11T18:35:28.64Z" },
    { url = "https://files.pythonhosted.org/packages/ed/52/2d90cbe49d014b13ed7ff337930c30bad35893fe38a1e4641e756bb62191/mypy-2.1.0-cp314-cp314t-macosx_11_0_arm64.whl", hash = "sha256:ff715050c127d724fd260a2e666e7747fdd83511c0c47d449d98238970aef780", size = 14757697, upload-time = "2026-05-11T18:36:14.208Z" },
    { url = "https://files.pythonhosted.org/packages/ac/37/d98f4a14e081b238992d0ed96b6d39c7cc0148c9699eb71eaa68629665ea/mypy-2.1.0-cp314-cp314t-manylinux2014_aarch64.manylinux_2_17_aarch64.manylinux_2_28_aarch64.whl", hash = "sha256:82208da9e09414d520e912d3e462d454854bed0810b71540bb016dcbca7308fd", size = 15405638, upload-time = "2026-05-11T18:33:48.249Z" },
    { url = "https://files.pythonhosted.org/packages/a3/c2/15c46613b24a84fad2aea1248bf9619b99c2767ae9071fe224c179a0b7d4/mypy-2.1.0-cp314-cp314t-manylinux2014_x86_64.manylinux_2_17_x86_64.manylinux_2_28_x86_64.whl", hash = "sha256:e79ebc1b904b84f0310dff7469655a9c36c7a68bddb37bdd42b67a332df61d08", size = 16215852, upload-time = "2026-05-11T18:32:50.296Z" },
    { url = "https://files.pythonhosted.org/packages/5c/90/9c16a57f482c76d25f6379762b56bbf65c711d8158cf271fb2802cfb0640/mypy-2.1.0-cp314-cp314t-musllinux_1_2_x86_64.whl", hash = "sha256:e583edc957cfb0deb142079162ae826f58449b116c1d442f2d91c69d9fced081", size = 16452695, upload-time = "2026-05-11T18:33:38.182Z" },
    { url = "https://files.pythonhosted.org/packages/0f/4c/215a4eeb63cacc5f17f516691ea7285d11e249802b942476bff15922a314/mypy-2.1.0-cp314-cp314t-win_amd64.whl", hash = "sha256:b33b6cd332695bba180d55e717a79d3038e479a2c49cc5eb3d53603409b9a5d7", size = 12866622, upload-time = "2026-05-11T18:34:39.945Z" },
    { url = "https://files.pythonhosted.org/packages/4b/50/1043e1db5f455ffe4c9ab22747cd8ca2bc492b1e4f4e21b130a44ee2b217/mypy-2.1.0-cp314-cp314t-win_arm64.whl", hash = "sha256:4f910fe825376a7b66ef7ca8c98e5a149e8cd64c19ae71d84047a74ee060d4e6", size = 10610798, upload-time = "2026-05-11T18:36:31.444Z" },
    { url = "https://files.pythonhosted.org/packages/0d/2a/13ca1f292f6db1b98ff495ef3467736b331621c5917cad984b7043e7348d/mypy-2.1.0-py3-none-any.whl", hash = "sha256:a663814603a5c563fb87a4f96fb473eeb30d1f5a4885afcf44f9db000a366289", size = 2693302, upload-time = "2026-05-11T18:31:29.246Z" },
]

[[package]]
name = "mypy-extensions"
version = "1.1.0"
source = { registry = "https://pypi.org/simple" }
sdist = { url = "https://files.pythonhosted.org/packages/a2/6e/371856a3fb9d31ca8dac321cda606860fa4548858c0cc45d9d1d4ca2628b/mypy_extensions-1.1.0.tar.gz", hash = "sha256:52e68efc3284861e772bbcd66823fde5ae21fd2fdb51c62a211403730b916558", size = 6343, upload-time = "2025-04-22T14:54:24.164Z" }
wheels = [
    { url = "https://files.pythonhosted.org/packages/79/7b/2c79738432f5c924bef5071f933bcc9efd0473bac3b4aa584a6f7c1c8df8/mypy_extensions-1.1.0-py3-none-any.whl", hash = "sha256:1be4cccdb0f2482337c4743e60421de3a356cd97508abadd57d47403e94f5505", size = 4963, upload-time = "2025-04-22T14:54:22.983Z" },
]

[[package]]
name = "packaging"
version = "26.2"
source = { registry = "https://pypi.org/simple" }
sdist = { url = "https://files.pythonhosted.org/packages/d7/f1/e7a6dd94a8d4a5626c03e4e99c87f241ba9e350cd9e6d75123f992427270/packaging-26.2.tar.gz", hash = "sha256:ff452ff5a3e828ce110190feff1178bb1f2ea2281fa2075aadb987c2fb221661", size = 228134, upload-time = "2026-04-24T20:15:23.917Z" }
wheels = [
    { url = "https://files.pythonhosted.org/packages/df/b2/87e62e8c3e2f4b32e5fe99e0b86d576da1312593b39f47d8ceef365e95ed/packaging-26.2-py3-none-any.whl", hash = "sha256:5fc45236b9446107ff2415ce77c807cee2862cb6fac22b8a73826d0693b0980e", size = 100195, upload-time = "2026-04-24T20:15:22.081Z" },
]

[[package]]
name = "pathspec"
version = "1.1.1"
source = { registry = "https://pypi.org/simple" }
sdist = { url = "https://files.pythonhosted.org/packages/5a/82/42f767fc1c1143d6fd36efb827202a2d997a375e160a71eb2888a925aac1/pathspec-1.1.1.tar.gz", hash = "sha256:17db5ecd524104a120e173814c90367a96a98d07c45b2e10c2f3919fff91bf5a", size = 135180, upload-time = "2026-04-27T01:46:08.907Z" }
wheels = [
    { url = "https://files.pythonhosted.org/packages/f1/d9/7fb5aa316bc299258e68c73ba3bddbc499654a07f151cba08f6153988714/pathspec-1.1.1-py3-none-any.whl", hash = "sha256:a00ce642f577bf7f473932318056212bc4f8bfdf53128c78bbd5af0b9b20b189", size = 57328, upload-time = "2026-04-27T01:46:07.06Z" },
]

[[package]]
name = "psycopg"
version = "3.3.4"
source = { registry = "https://pypi.org/simple" }
dependencies = [
    { name = "tzdata", marker = "sys_platform == 'win32'" },
]
sdist = { url = "https://files.pythonhosted.org/packages/db/2f/cb91e5502ec9de1de6f1b76cfbf69531932725361168bb06963620c77e2e/psycopg-3.3.4.tar.gz", hash = "sha256:e21207764952cff81b6b8bdacad9a3939f2793367fdac2987b3aac36a651b5bc", size = 165799, upload-time = "2026-05-01T23:31:55.179Z" }
wheels = [
    { url = "https://files.pythonhosted.org/packages/5c/e0/7b3dee031daae7743609ce3c746565d4a3ed7c2c186479eb48e34e838c64/psycopg-3.3.4-py3-none-any.whl", hash = "sha256:b6bbc25ccf05c8fad3b061d9db2ef0909a555171b84b07f29458a447253d679a", size = 213001, upload-time = "2026-05-01T23:20:50.816Z" },
]

[package.optional-dependencies]
binary = [
    { name = "psycopg-binary", marker = "implementation_name != 'pypy'" },
]

[[package]]
name = "psycopg-binary"
version = "3.3.4"
source = { registry = "https://pypi.org/simple" }
wheels = [
    { url = "https://files.pythonhosted.org/packages/48/a6/828c9185701dab71b234c2a76c38a08b098ebfec5020716b4e93807492b5/psycopg_binary-3.3.4-cp314-cp314-macosx_10_15_x86_64.whl", hash = "sha256:28b7398fdd19db3232c884fb24550bdfe951221f510e195e233299e4c9b78f97", size = 4607292, upload-time = "2026-05-01T23:30:38.962Z" },
    { url = "https://files.pythonhosted.org/packages/92/58/5b40dbc9d839045c9dae956960e4fb6d20bcabe6c59a2aa34fc3a371913f/psycopg_binary-3.3.4-cp314-cp314-macosx_11_0_arm64.whl", hash = "sha256:1fbaa292a3c8bb61b45df1ad3da1908ccee7cb889db9425e3557d9e34e2a4829", size = 4687023, upload-time = "2026-05-01T23:30:47.227Z" },
    { url = "https://files.pythonhosted.org/packages/85/a9/793f0ac107a9003b48441d0d1f9f616d96e0f37458dd8dc12528ceff55fb/psycopg_binary-3.3.4-cp314-cp314-manylinux2014_ppc64le.manylinux_2_17_ppc64le.whl", hash = "sha256:94596f9e7633ee3f6440711d43bb70aa31cc0a46a900ab8b4201a366ace5c9e7", size = 5486985, upload-time = "2026-05-01T23:30:55.517Z" },
    { url = "https://files.pythonhosted.org/packages/8f/26/42e8533497e2592334f68ec529cf5f840f7fa4e99575a4bb61aa184dbfbf/psycopg_binary-3.3.4-cp314-cp314-manylinux2014_x86_64.manylinux_2_17_x86_64.whl", hash = "sha256:8c0056529e68dbe9184cd4019a1f3d8f3a4ead2f6fc7a5afcf27d3314edd1277", size = 5168745, upload-time = "2026-05-01T23:31:01.904Z" },
    { url = "https://files.pythonhosted.org/packages/15/af/b7151776cc08d5935d45c833ec818a9beb417cf7c08239af1aafbdae78ee/psycopg_binary-3.3.4-cp314-cp314-manylinux_2_27_aarch64.manylinux_2_28_aarch64.whl", hash = "sha256:2c09aad7051326e7603c14e50636db9c01f78272dc54b3accff03d46370461e6", size = 6761486, upload-time = "2026-05-01T23:31:14.511Z" },
    { url = "https://files.pythonhosted.org/packages/d0/ed/c92533b9124712d592cbf1cd6c76da933a2e0acea81dfe1fbe7e735f0cff/psycopg_binary-3.3.4-cp314-cp314-manylinux_2_38_riscv64.manylinux_2_39_riscv64.whl", hash = "sha256:514404ed543efd620c85602b747df2a23cf1241b4067199e1a66f2d2757aaa41", size = 4997427, upload-time = "2026-05-01T23:31:20.901Z" },
    { url = "https://files.pythonhosted.org/packages/a2/23/ccadfd0de416aa188356daa199453af24087b042e296088706d190ae0295/psycopg_binary-3.3.4-cp314-cp314-musllinux_1_2_aarch64.whl", hash = "sha256:46893c26858be12cc49ca4226ed6a60b4bfccadd946b3bebb783a60b38788228", size = 4533549, upload-time = "2026-05-01T23:31:26.204Z" },
    { url = "https://files.pythonhosted.org/packages/fd/a0/c8f43cee36386f7bc891ab41a9d31ea07cf9826038e732da79f26b1e5f34/psycopg_binary-3.3.4-cp314-cp314-musllinux_1_2_ppc64le.whl", hash = "sha256:df1d567fc430f6df15c9fcf67d87685fc49bdb325adc0db5af1adfb2f44eb5c9", size = 4210256, upload-time = "2026-05-01T23:31:33.884Z" },
    { url = "https://files.pythonhosted.org/packages/4e/2c/c1547871be3790676e8868b38655496422f94f0978dfb66b74bdba2f1676/psycopg_binary-3.3.4-cp314-cp314-musllinux_1_2_riscv64.whl", hash = "sha256:6b9016b1714da4dd5ecaaa75b82098aa5a0b87854ce9b092e21c27c4ae23e014", size = 3946204, upload-time = "2026-05-01T23:31:39.626Z" },
    { url = "https://files.pythonhosted.org/packages/c4/b1/f6670f00fa7ea601584623f6c11602ab92117d83eaff885e0210f6de7418/psycopg_binary-3.3.4-cp314-cp314-musllinux_1_2_x86_64.whl", hash = "sha256:47c656a8a7ba6eb0cff1801a4caaa9c8bdc12d03080e273aff1c8ac39971a77e", size = 4255811, upload-time = "2026-05-01T23:31:44.986Z" },
    { url = "https://files.pythonhosted.org/packages/eb/e6/5fff07a70d1f945ed90ae131c3bd76cab32beff7c58c6db15ad5820b6d1f/psycopg_binary-3.3.4-cp314-cp314-win_amd64.whl", hash = "sha256:c37e024c07308cd06cf3ec51bfd0e7f6157585a4d84d1bce4a7f5f7913719bf8", size = 3666849, upload-time = "2026-05-01T23:31:51.165Z" },
]

[[package]]
name = "ruff"
version = "0.15.17"
source = { registry = "https://pypi.org/simple" }
sdist = { url = "https://files.pythonhosted.org/packages/8c/a9/3abdf488f1bf3d24c699415e454ed554a6350d5d89ce183be1ee0a3361ac/ruff-0.15.17.tar.gz", hash = "sha256:2ec446937fd16c8c4de2674a209cc5af64d9c6f17d21fbf1151054fa0bcf5219", size = 4743346, upload-time = "2026-06-11T17:54:47.663Z" }
wheels = [
    { url = "https://files.pythonhosted.org/packages/db/4d/e11259f5da07cb6afb2d074c31bf09da9671993f7329d4f15d2fdc458301/ruff-0.15.17-py3-none-linux_armv6l.whl", hash = "sha256:d9feddb927fc68bd295f5eebc587a7e42cfaf9b65f60ca4a2386febff575da8f", size = 10856677, upload-time = "2026-06-11T17:54:49.533Z" },
    { url = "https://files.pythonhosted.org/packages/29/3e/772d679e1a0dc058e58875bd2c0cb713a0530877b4a76fee3c7966df0d49/ruff-0.15.17-py3-none-macosx_10_12_x86_64.whl", hash = "sha256:25805a226d741c47d274a35ad5c10a7dde175fcddfa511d7cf3da0a21eb3eab7", size = 11223443, upload-time = "2026-06-11T17:55:00.573Z" },
    { url = "https://files.pythonhosted.org/packages/68/58/bd41f7688b2fd5623012605130ed70e60aa7f2244baa3d5066bdd61530c8/ruff-0.15.17-py3-none-macosx_11_0_arm64.whl", hash = "sha256:f6ad73b14c2d18a3bf8ad7cb6974294d7f613a7898604826058e6ac64918ef4d", size = 10566458, upload-time = "2026-06-11T17:55:07.52Z" },
    { url = "https://files.pythonhosted.org/packages/d8/5b/733371013fcf1ec339e477ece6ab42bfe10bdd9bba8ee88a9516aa56bfc0/ruff-0.15.17-py3-none-manylinux_2_17_aarch64.manylinux2014_aarch64.whl", hash = "sha256:6ba0c1e4f95bcb3869d0d30cbd5917071ef2e28665abfec970cdab0492c713ed", size = 10914483, upload-time = "2026-06-11T17:55:05.501Z" },
    { url = "https://files.pythonhosted.org/packages/bd/cc/6f24251cc0252f7239391ccb85833f320efad14ebe5b443943f37ced6332/ruff-0.15.17-py3-none-manylinux_2_17_armv7l.manylinux2014_armv7l.whl", hash = "sha256:81647960f10bff57d2e51cadd0c3950fe598400c852863a038720ef5b8cca91e", size = 10647497, upload-time = "2026-06-11T17:54:57.733Z" },
    { url = "https://files.pythonhosted.org/packages/68/dd/0d10c17ce1a1624d6fc3156309c3f834fdb5dfaad026ec90c85684f3990e/ruff-0.15.17-py3-none-manylinux_2_17_i686.manylinux2014_i686.whl", hash = "sha256:0e01a84ddbc8c16c23055ba3924476850f1bbc1917cebbb9376665a63e74260d", size = 11416967, upload-time = "2026-06-11T17:54:51.461Z" },
    { url = "https://files.pythonhosted.org/packages/2f/91/556bfb156f6144f355e831c23db00b2fc4120f86b3ce81cc5f7fd2df51f3/ruff-0.15.17-py3-none-manylinux_2_17_ppc64le.manylinux2014_ppc64le.whl", hash = "sha256:84fe9f653152f8f294f9f7e03bf3a453d8b4a27f7a59c78c8666167f2b17b96c", size = 12335770, upload-time = "2026-06-11T17:54:45.793Z" },
    { url = "https://files.pythonhosted.org/packages/88/82/8b5999aa13355e926f06d9f42a32dcca862f623bf0363785ff89d607dffd/ruff-0.15.17-py3-none-manylinux_2_17_s390x.manylinux2014_s390x.whl", hash = "sha256:8c0fe88a7676e7a05b73174d4d4a59cb2ac21ff8263583f87a81a6018475a978", size = 11575441, upload-time = "2026-06-11T17:54:32.661Z" },
    { url = "https://files.pythonhosted.org/packages/11/93/f10377bb04109ca0e8cbc483ff1982c54b6d418210041776f93e8cdc7fa9/ruff-0.15.17-py3-none-manylinux_2_17_x86_64.manylinux2014_x86_64.whl", hash = "sha256:ecfc3c7878fff94633ab0348524e093f9ce3243080416dd7d14f8ba400174719", size = 11557614, upload-time = "2026-06-11T17:54:34.698Z" },
    { url = "https://files.pythonhosted.org/packages/c7/a6/eeeae7f7d5493df41649ab3db92f086b2d0a30199e4efdf8e3dd7a033f24/ruff-0.15.17-py3-none-manylinux_2_31_riscv64.whl", hash = "sha256:b8461180b22420b1bdc289909410930761629fddf2a5aaf60fae1ab26cedc4c4", size = 11544450, upload-time = "2026-06-11T17:54:39.042Z" },
    { url = "https://files.pythonhosted.org/packages/32/88/5991ce565129a24dd4a00db1254b3b5db2e53018cbe4018ea5a89738e727/ruff-0.15.17-py3-none-musllinux_1_2_aarch64.whl", hash = "sha256:6eccbe50a038b503e7140b441aa9c7fc8c1f36edf23ebef9f4165c2f28f568b7", size = 10892524, upload-time = "2026-06-11T17:55:09.432Z" },
    { url = "https://files.pythonhosted.org/packages/f5/1d/0fdd248313425f55223968af04b0a42125466a8d88d21c1d99c6af0a51e8/ruff-0.15.17-py3-none-musllinux_1_2_armv7l.whl", hash = "sha256:382fc0521025f5a8ad447d8bdd523545d0d7646adb718eb1c2dac5065ec27c0f", size = 10659573, upload-time = "2026-06-11T17:54:36.824Z" },
    { url = "https://files.pythonhosted.org/packages/9e/0e/072e8260deb9461062ce9311ced27a8e541229a6ffd483013dd37661e43e/ruff-0.15.17-py3-none-musllinux_1_2_i686.whl", hash = "sha256:456d41fcd1b2777ad63f09a6e7121d43f7b688bbc76a800c10f7f8fb1f912c3f", size = 11127818, upload-time = "2026-06-11T17:55:03.124Z" },
    { url = "https://files.pythonhosted.org/packages/ab/b4/55060a34163121498014696b5f656db5b8c6963768f227dbf0d76b311073/ruff-0.15.17-py3-none-musllinux_1_2_x86_64.whl", hash = "sha256:b1a04bcc94ae6194e9db05d16ad31f298a7194bfbcb08258bbe589cee1d587b8", size = 11655901, upload-time = "2026-06-11T17:54:53.562Z" },
    { url = "https://files.pythonhosted.org/packages/49/71/9b29d6b87cef468d697f43c6a91e3fae4a80185779d7d5a4ef27d173439f/ruff-0.15.17-py3-none-win32.whl", hash = "sha256:596065960ab1ff593f744220c9fe6580eda00a95003cffa9f4048bb5b1bf0392", size = 10925574, upload-time = "2026-06-11T17:54:55.723Z" },
    { url = "https://files.pythonhosted.org/packages/3d/b2/8fc77f3723228836fa5d12497eb71c808f83782e10d058d2b15cfa14640b/ruff-0.15.17-py3-none-win_amd64.whl", hash = "sha256:6769e5fa1710b179b92e0bfa5a51735b35baea9013dadb06d5f44cbcf9547084", size = 12058788, upload-time = "2026-06-11T17:54:41.042Z" },
    { url = "https://files.pythonhosted.org/packages/2d/c7/c53e8dbff9c9dc4b7928773421ae294a5d28fcb8dcda1a089579d3a7e510/ruff-0.15.17-py3-none-win_arm64.whl", hash = "sha256:f3be1fbb34bcdfd146240d8fb92a709d4c2c8191348580a3c044ec60fa0b4456", size = 11355275, upload-time = "2026-06-11T17:54:43.635Z" },
]

[[package]]
name = "sqlparse"
version = "0.5.5"
source = { registry = "https://pypi.org/simple" }
sdist = { url = "https://files.pythonhosted.org/packages/90/76/437d71068094df0726366574cf3432a4ed754217b436eb7429415cf2d480/sqlparse-0.5.5.tar.gz", hash = "sha256:e20d4a9b0b8585fdf63b10d30066c7c94c5d7a7ec47c889a2d83a3caa93ff28e", size = 120815, upload-time = "2025-12-19T07:17:45.073Z" }
wheels = [
    { url = "https://files.pythonhosted.org/packages/49/4b/359f28a903c13438ef59ebeee215fb25da53066db67b305c125f1c6d2a25/sqlparse-0.5.5-py3-none-any.whl", hash = "sha256:12a08b3bf3eec877c519589833aed092e2444e68240a3577e8e26148acc7b1ba", size = 46138, upload-time = "2025-12-19T07:17:46.573Z" },
]

[[package]]
name = "types-pyyaml"
version = "6.0.12.20260518"
source = { registry = "https://pypi.org/simple" }
sdist = { url = "https://files.pythonhosted.org/packages/b8/83/4a1afc3fbfcf5b8d46fc390cd95ed6b0dc9010a265f4e9f46314efffa37a/types_pyyaml-6.0.12.20260518.tar.gz", hash = "sha256:d917f83fb38462550338c1297faedd860b3ec83912b96b1e3d73255f7473e466", size = 17850, upload-time = "2026-05-18T06:01:58.675Z" }
wheels = [
    { url = "https://files.pythonhosted.org/packages/06/a2/c01db32be2ae7d6a1689972f3c492b149ee4e164b12fdfd9f64b50888215/types_pyyaml-6.0.12.20260518-py3-none-any.whl", hash = "sha256:d2150f75a231c9fe9c7463bd29487d93e60bac90400287351384bc2284eba7cd", size = 20312, upload-time = "2026-05-18T06:01:57.368Z" },
]

[[package]]
name = "typing-extensions"
version = "4.15.0"
source = { registry = "https://pypi.org/simple" }
sdist = { url = "https://files.pythonhosted.org/packages/72/94/1a15dd82efb362ac84269196e94cf00f187f7ed21c242792a923cdb1c61f/typing_extensions-4.15.0.tar.gz", hash = "sha256:0cea48d173cc12fa28ecabc3b837ea3cf6f38c6d1136f85cbaaf598984861466", size = 109391, upload-time = "2025-08-25T13:49:26.313Z" }
wheels = [
    { url = "https://files.pythonhosted.org/packages/18/67/36e9267722cc04a6b9f15c7f3441c2363321a3ea07da7ae0c0707beb2a9c/typing_extensions-4.15.0-py3-none-any.whl", hash = "sha256:f0fa19c6845758ab08074a0cfa8b7aecb71c999ca73d62883bc25cc018c4e548", size = 44614, upload-time = "2025-08-25T13:49:24.86Z" },
]

[[package]]
name = "tzdata"
version = "2026.2"
source = { registry = "https://pypi.org/simple" }
sdist = { url = "https://files.pythonhosted.org/packages/ba/19/1b9b0e29f30c6d35cb345486df41110984ea67ae69dddbc0e8a100999493/tzdata-2026.2.tar.gz", hash = "sha256:9173fde7d80d9018e02a662e168e5a2d04f87c41ea174b139fbef642eda62d10", size = 198254, upload-time = "2026-04-24T15:22:08.651Z" }
wheels = [
    { url = "https://files.pythonhosted.org/packages/ce/e4/dccd7f47c4b64213ac01ef921a1337ee6e30e8c6466046018326977efd95/tzdata-2026.2-py2.py3-none-any.whl", hash = "sha256:bbe9af844f658da81a5f95019480da3a89415801f6cc966806612cc7169bffe7", size = 349321, upload-time = "2026-04-24T15:22:05.876Z" },
]

[[package]]
name = "whitenoise"
version = "6.12.0"
source = { registry = "https://pypi.org/simple" }
sdist = { url = "https://files.pythonhosted.org/packages/cb/2a/55b3f3a4ec326cd077c1c3defeee656b9298372a69229134d930151acd01/whitenoise-6.12.0.tar.gz", hash = "sha256:f723ebb76a112e98816ff80fcea0a6c9b8ecde835f8ddda25df7a30a3c2db6ad", size = 26841, upload-time = "2026-02-27T00:05:42.028Z" }
wheels = [
    { url = "https://files.pythonhosted.org/packages/db/eb/d5583a11486211f3ebd4b385545ae787f32363d453c19fffd81106c9c138/whitenoise-6.12.0-py3-none-any.whl", hash = "sha256:fc5e8c572e33ebf24795b47b6a7da8da3c00cff2349f5b04c02f28d0cc5a3cc2", size = 20302, upload-time = "2026-02-27T00:05:40.086Z" },
]
